Microsoft Visual Studio Solution File, Format Version 12.00
# Visual Studio Version 17
VisualStudioVersion = 17.5.2.0
MinimumVisualStudioVersion = 10.0.40219.1
Project("{FAE04EC0-301F-11D3-BF4B-00C04F79EFBC}") = "InmobiliariaAlcaraz", "InmobiliariaAlcaraz.csproj", "{4B8D0396-C11D-7D54-B8B4-66E19FBCB1AE}"
EndProject
Global
	GlobalSection(SolutionConfigurationPlatforms) = preSolution
		Debug|Any CPU = Debug|Any CPU
		Release|Any CPU = Release|Any CPU
	EndGlobalSection
	GlobalSection(ProjectConfigurationPlatforms) = postSolution
		{4B8D0396-C11D-7D54-B8B4-66E19FBCB1AE}.Debug|Any CPU.ActiveCfg = Debug|Any CPU
		{4B8D0396-C11D-7D54-B8B4-66E19FBCB1AE}.Debug|Any CPU.Build.0 = Debug|Any CPU
		{4B8D0396-C11D-7D54-B8B4-66E19FBCB1AE}.Release|Any CPU.ActiveCfg = Release|Any CPU
		{4B8D0396-C11D-7D54-B8B4-66E19FBCB1AE}.Release|Any CPU.Build.0 = Release|Any CPU
	EndGlobalSection
	GlobalSection(SolutionProperties) = preSolution
		HideSolutionNode = FALSE
	EndGlobalSection
	GlobalSection(ExtensibilityGlobals) = postSolution
		SolutionGuid = {6535A668-74AE-4297-86ED-BB2C5BF87929}
	EndGlobalSection
EndGlobal
